// !$*UTF8*$!
{
	archiveVersion = 1;
	classes = {
	};
	objectVersion = 50;
	objects = {

/* Begin PBXBuildFile section */
		CA4DC6BB24E093BF006C4B08 /* EmojiArtDocumentView.swift in Sources */ = {isa = PBXBuildFile; fileRef = CA4DC6BA24E093BF006C4B08 /* EmojiArtDocumentView.swift */; };
		CA4DC6BD24E093C0006C4B08 /* Assets.xcassets in Resources */ = {isa = PBXBuildFile; fileRef = CA4DC6BC24E093C0006C4B08 /* Assets.xcassets */; };
		CA4DC6C024E093C0006C4B08 /* Preview Assets.xcassets in Resources */ = {isa = PBXBuildFile; fileRef = CA4DC6BF24E093C0006C4B08 /* Preview Assets.xcassets */; };
		CA4DC6C324E093C0006C4B08 /* LaunchScreen.storyboard in Resources */ = {isa = PBXBuildFile; fileRef = CA4DC6C124E093C0006C4B08 /* LaunchScreen.storyboard */; };
		CA4DC6CB24E0940E006C4B08 /* EmojiArtDocument.swift in Sources */ = {isa = PBXBuildFile; fileRef = CA4DC6CA24E0940E006C4B08 /* EmojiArtDocument.swift */; };
		CA571B792521291700727682 /* EmojiArtApp.swift in Sources */ = {isa = PBXBuildFile; fileRef = CA571B782521291700727682 /* EmojiArtApp.swift */; };
		CA835FEB24E1A77F00381866 /* EmojiArt.swift in Sources */ = {isa = PBXBuildFile; fileRef = CA835FEA24E1A77F00381866 /* EmojiArt.swift */; };
		CA835FED24E1AAE100381866 /* EmojiArtExtensions.swift in Sources */ = {isa = PBXBuildFile; fileRef = CA835FEC24E1AAE100381866 /* EmojiArtExtensions.swift */; };
		CA93954625420FFB00DA08C5 /* Spinning.swift in Sources */ = {isa = PBXBuildFile; fileRef = CA93954525420FFB00DA08C5 /* Spinning.swift */; };
		CA93954925421CFD00DA08C5 /* PaletteChooser.swift in Sources */ = {isa = PBXBuildFile; fileRef = CA93954825421CFD00DA08C5 /* PaletteChooser.swift */; };
		CA93954C25421EFB00DA08C5 /* EmojiArtDocument+Palette.swift in Sources */ = {isa = PBXBuildFile; fileRef = CA93954B25421EFB00DA08C5 /* EmojiArtDocument+Palette.swift */; };
		CAD10A722525232E0065862C /* OptionalImage.swift in Sources */ = {isa = PBXBuildFile; fileRef = CAD10A712525232E0065862C /* OptionalImage.swift */; };
		CAD10A75252526430065862C /* AnimatableSystemFontModifier.swift in Sources */ = {isa = PBXBuildFile; fileRef = CAD10A74252526430065862C /* AnimatableSystemFontModifier.swift */; };
		CAD79156254450BE00E36893 /* EmojiArtDocumentStore.swift in Sources */ = {isa = PBXBuildFile; fileRef = CAD79154254450BE00E36893 /* EmojiArtDocumentStore.swift */; };
		CAD79157254450BE00E36893 /* EmojiArtDocumentChooser.swift in Sources */ = {isa = PBXBuildFile; fileRef = CAD79155254450BE00E36893 /* EmojiArtDocumentChooser.swift */; };
		CAD7915B254450CB00E36893 /* Grid.swift in Sources */ = {isa = PBXBuildFile; fileRef = CAD79159254450CB00E36893 /* Grid.swift */; };
		CAD7915C254450CB00E36893 /* GridLayout.swift in Sources */ = {isa = PBXBuildFile; fileRef = CAD7915A254450CB00E36893 /* GridLayout.swift */; };
		CAD7915F254466DD00E36893 /* EditableText.swift in Sources */ = {isa = PBXBuildFile; fileRef = CAD7915E254466DD00E36893 /* EditableText.swift */; };
/* End PBXBuildFile section */

/* Begin PBXFileReference section */
		CA4DC6B324E093BF006C4B08 /* EmojiArt.app */ = {isa = PBXFileReference; explicitFileType = wrapper.application; includeInIndex = 0; path = EmojiArt.app; sourceTree = BUILT_PRODUCTS_DIR; };
		CA4DC6BA24E093BF006C4B08 /* EmojiArtDocumentView.swift */ = {isa = PBXFileReference; lastKnownFileType = sourcecode.swift; path = EmojiArtDocumentView.swift; sourceTree = "<group>"; };
		CA4DC6BC24E093C0006C4B08 /* Assets.xcassets */ = {isa = PBXFileReference; lastKnownFileType = folder.assetcatalog; path = Assets.xcassets; sourceTree = "<group>"; };
		CA4DC6BF24E093C0006C4B08 /* Preview Assets.xcassets */ = {isa = PBXFileReference; lastKnownFileType = folder.assetcatalog; path = "Preview Assets.xcassets"; sourceTree = "<group>"; };
		CA4DC6C224E093C0006C4B08 /* Base */ = {isa = PBXFileReference; lastKnownFileType = file.storyboard; name = Base; path = Base.lproj/LaunchScreen.storyboard; sourceTree = "<group>"; };
		CA4DC6C424E093C0006C4B08 /* Info.plist */ = {isa = PBXFileReference; lastKnownFileType = text.plist.xml; path = Info.plist; sourceTree = "<group>"; };
		CA4DC6CA24E0940E006C4B08 /* EmojiArtDocument.swift */ = {isa = PBXFileReference; lastKnownFileType = sourcecode.swift; path = EmojiArtDocument.swift; sourceTree = "<group>"; };
		CA571B782521291700727682 /* EmojiArtApp.swift */ = {isa = PBXFileReference; lastKnownFileType = sourcecode.swift; path = EmojiArtApp.swift; sourceTree = "<group>"; };
		CA835FEA24E1A77F00381866 /* EmojiArt.swift */ = {isa = PBXFileReference; lastKnownFileType = sourcecode.swift; path = EmojiArt.swift; sourceTree = "<group>"; };
		CA835FEC24E1AAE100381866 /* EmojiArtExtensions.swift */ = {isa = PBXFileReference; fileEncoding = 4; lastKnownFileType = sourcecode.swift; path = EmojiArtExtensions.swift; sourceTree = "<group>"; };
		CA93954525420FFB00DA08C5 /* Spinning.swift */ = {isa = PBXFileReference; lastKnownFileType = sourcecode.swift; path = Spinning.swift; sourceTree = "<group>"; };
		CA93954825421CFD00DA08C5 /* PaletteChooser.swift */ = {isa = PBXFileReference; lastKnownFileType = sourcecode.swift; path = PaletteChooser.swift; sourceTree = "<group>"; };
		CA93954B25421EFB00DA08C5 /* EmojiArtDocument+Palette.swift */ = {isa = PBXFileReference; fileEncoding = 4; lastKnownFileType = sourcecode.swift; path = "EmojiArtDocument+Palette.swift"; sourceTree = "<group>"; };
		CAD10A712525232E0065862C /* OptionalImage.swift */ = {isa = PBXFileReference; lastKnownFileType = sourcecode.swift; path = OptionalImage.swift; sourceTree = "<group>"; };
		CAD10A74252526430065862C /* AnimatableSystemFontModifier.swift */ = {isa = PBXFileReference; fileEncoding = 4; lastKnownFileType = sourcecode.swift; path = AnimatableSystemFontModifier.swift; sourceTree = "<group>"; };
		CAD79154254450BE00E36893 /* EmojiArtDocumentStore.swift */ = {isa = PBXFileReference; fileEncoding = 4; lastKnownFileType = sourcecode.swift; path = EmojiArtDocumentStore.swift; sourceTree = "<group>"; };
		CAD79155254450BE00E36893 /* EmojiArtDocumentChooser.swift */ = {isa = PBXFileReference; fileEncoding = 4; lastKnownFileType = sourcecode.swift; path = EmojiArtDocumentChooser.swift; sourceTree = "<group>"; };
		CAD79159254450CB00E36893 /* Grid.swift */ = {isa = PBXFileReference; fileEncoding = 4; lastKnownFileType = sourcecode.swift; path = Grid.swift; sourceTree = "<group>"; };
		CAD7915A254450CB00E36893 /* GridLayout.swift */ = {isa = PBXFileReference; fileEncoding = 4; lastKnownFileType = sourcecode.swift; path = GridLayout.swift; sourceTree = "<group>"; };
		CAD7915E254466DD00E36893 /* EditableText.swift */ = {isa = PBXFileReference; fileEncoding = 4; lastKnownFileType = sourcecode.swift; path = EditableText.swift; sourceTree = "<group>"; };
/* End PBXFileReference section */

/* Begin PBXFrameworksBuildPhase section */
		CA4DC6B024E093BF006C4B08 /* Frameworks */ = {
			isa = PBXFrameworksBuildPhase;
			buildActionMask = 2147483647;
			files = (
			);
			runOnlyForDeploymentPostprocessing = 0;
		};
/* End PBXFrameworksBuildPhase section */

/* Begin PBXGroup section */
		CA4DC6AA24E093BF006C4B08 = {
			isa = PBXGroup;
			children = (
				CA4DC6B524E093BF006C4B08 /* EmojiArt */,
				CA4DC6B424E093BF006C4B08 /* Products */,
			);
			sourceTree = "<group>";
		};
		CA4DC6B424E093BF006C4B08 /* Products */ = {
			isa = PBXGroup;
			children = (
				CA4DC6B324E093BF006C4B08 /* EmojiArt.app */,
			);
			name = Products;
			sourceTree = "<group>";
		};
		CA4DC6B524E093BF006C4B08 /* EmojiArt */ = {
			isa = PBXGroup;
			children = (
				CA4DC6C424E093C0006C4B08 /* Info.plist */,
				CA571B782521291700727682 /* EmojiArtApp.swift */,
				CA4DC6BC24E093C0006C4B08 /* Assets.xcassets */,
				CA9395532542230300DA08C5 /* Extensions */,
				CA4DC6C124E093C0006C4B08 /* LaunchScreen.storyboard */,
				CA93954F254222E400DA08C5 /* Models */,
				CA4DC6BE24E093C0006C4B08 /* Preview Content */,
				CA939550254222EC00DA08C5 /* ViewModels */,
				CA939551254222F700DA08C5 /* Views */,
			);
			path = EmojiArt;
			sourceTree = "<group>";
		};
		CA4DC6BE24E093C0006C4B08 /* Preview Content */ = {
			isa = PBXGroup;
			children = (
				CA4DC6BF24E093C0006C4B08 /* Preview Assets.xcassets */,
			);
			path = "Preview Content";
			sourceTree = "<group>";
		};
		CA93954F254222E400DA08C5 /* Models */ = {
			isa = PBXGroup;
			children = (
				CA835FEA24E1A77F00381866 /* EmojiArt.swift */,
			);
			path = Models;
			sourceTree = "<group>";
		};
		CA939550254222EC00DA08C5 /* ViewModels */ = {
			isa = PBXGroup;
			children = (
				CA4DC6CA24E0940E006C4B08 /* EmojiArtDocument.swift */,
				CAD79154254450BE00E36893 /* EmojiArtDocumentStore.swift */,
			);
			path = ViewModels;
			sourceTree = "<group>";
		};
		CA939551254222F700DA08C5 /* Views */ = {
			isa = PBXGroup;
			children = (
				CAD7915E254466DD00E36893 /* EditableText.swift */,
				CAD79155254450BE00E36893 /* EmojiArtDocumentChooser.swift */,
				CA4DC6BA24E093BF006C4B08 /* EmojiArtDocumentView.swift */,
				CAD79159254450CB00E36893 /* Grid.swift */,
				CAD7915A254450CB00E36893 /* GridLayout.swift */,
				CAD10A712525232E0065862C /* OptionalImage.swift */,
				CA93954825421CFD00DA08C5 /* PaletteChooser.swift */,
			);
			path = Views;
			sourceTree = "<group>";
		};
		CA9395532542230300DA08C5 /* Extensions */ = {
			isa = PBXGroup;
			children = (
				CAD10A74252526430065862C /* AnimatableSystemFontModifier.swift */,
				CA93954B25421EFB00DA08C5 /* EmojiArtDocument+Palette.swift */,
				CA835FEC24E1AAE100381866 /* EmojiArtExtensions.swift */,
				CA93954525420FFB00DA08C5 /* Spinning.swift */,
			);
			path = Extensions;
			sourceTree = "<group>";
		};
/* End PBXGroup section */

/* Begin PBXNativeTarget section */
		CA4DC6B224E093BF006C4B08 /* EmojiArt */ = {
			isa = PBXNativeTarget;
			buildConfigurationList = CA4DC6C724E093C0006C4B08 /* Build configuration list for PBXNativeTarget "EmojiArt" */;
			buildPhases = (
				CA4DC6AF24E093BF006C4B08 /* Sources */,
				CA4DC6B024E093BF006C4B08 /* Frameworks */,
				CA4DC6B124E093BF006C4B08 /* Resources */,
			);
			buildRules = (
			);
			dependencies = (
			);
			name = EmojiArt;
			productName = EmojiArt;
			productReference = CA4DC6B324E093BF006C4B08 /* EmojiArt.app */;
			productType = "com.apple.product-type.application";
		};
/* End PBXNativeTarget section */

/* Begin PBXProject section */
		CA4DC6AB24E093BF006C4B08 /* Project object */ = {
			isa = PBXProject;
			attributes = {
				LastSwiftUpdateCheck = 1160;
				LastUpgradeCheck = 1200;
				ORGANIZATIONNAME = theswiftkid;
				TargetAttributes = {
					CA4DC6B224E093BF006C4B08 = {
						CreatedOnToolsVersion = 11.6;
					};
				};
			};
			buildConfigurationList = CA4DC6AE24E093BF006C4B08 /* Build configuration list for PBXProject "EmojiArt" */;
			compatibilityVersion = "Xcode 9.3";
			developmentRegion = en;
			hasScannedForEncodings = 0;
			knownRegions = (
				en,
				Base,
			);
			mainGroup = CA4DC6AA24E093BF006C4B08;
			productRefGroup = CA4DC6B424E093BF006C4B08 /* Products */;
			projectDirPath = "";
			projectRoot = "";
			targets = (
				CA4DC6B224E093BF006C4B08 /* EmojiArt */,
			);
		};
/* End PBXProject section */

/* Begin PBXResourcesBuildPhase section */
		CA4DC6B124E093BF006C4B08 /* Resources */ = {
			isa = PBXResourcesBuildPhase;
			buildActionMask = 2147483647;
			files = (
				CA4DC6C324E093C0006C4B08 /* LaunchScreen.storyboard in Resources */,
				CA4DC6C024E093C0006C4B08 /* Preview Assets.xcassets in Resources */,
				CA4DC6BD24E093C0006C4B08 /* Assets.xcassets in Resources */,
			);
			runOnlyForDeploymentPostprocessing = 0;
		};
/* End PBXResourcesBuildPhase section */

/* Begin PBXSourcesBuildPhase section */
		CA4DC6AF24E093BF006C4B08 /* Sources */ = {
			isa = PBXSourcesBuildPhase;
			buildActionMask = 2147483647;
			files = (
				CAD10A75252526430065862C /* AnimatableSystemFontModifier.swift in Sources */,
				CA835FED24E1AAE100381866 /* EmojiArtExtensions.swift in Sources */,
				CA835FEB24E1A77F00381866 /* EmojiArt.swift in Sources */,
				CA4DC6BB24E093BF006C4B08 /* EmojiArtDocumentView.swift in Sources */,
				CAD10A722525232E0065862C /* OptionalImage.swift in Sources */,
				CAD7915C254450CB00E36893 /* GridLayout.swift in Sources */,
				CAD79157254450BE00E36893 /* EmojiArtDocumentChooser.swift in Sources */,
				CA93954C25421EFB00DA08C5 /* EmojiArtDocument+Palette.swift in Sources */,
				CAD7915B254450CB00E36893 /* Grid.swift in Sources */,
				CA4DC6CB24E0940E006C4B08 /* EmojiArtDocument.swift in Sources */,
				CAD7915F254466DD00E36893 /* EditableText.swift in Sources */,
				CA571B792521291700727682 /* EmojiArtApp.swift in Sources */,
				CAD79156254450BE00E36893 /* EmojiArtDocumentStore.swift in Sources */,
				CA93954625420FFB00DA08C5 /* Spinning.swift in Sources */,
				CA93954925421CFD00DA08C5 /* PaletteChooser.swift in Sources */,
			);
			runOnlyForDeploymentPostprocessing = 0;
		};
/* End PBXSourcesBuildPhase section */

/* Begin PBXVariantGroup section */
		CA4DC6C124E093C0006C4B08 /* LaunchScreen.storyboard */ = {
			isa = PBXVariantGroup;
			children = (
				CA4DC6C224E093C0006C4B08 /* Base */,
			);
			name = LaunchScreen.storyboard;
			sourceTree = "<group>";
		};
/* End PBXVariantGroup section */

/* Begin XCBuildConfiguration section */
		CA4DC6C524E093C0006C4B08 /* Debug */ = {
			isa = XCBuildConfiguration;
			buildSettings = {
				ALWAYS_SEARCH_USER_PATHS = NO;
				CLANG_ANALYZER_NONNULL = YES;
				CLANG_ANALYZER_NUMBER_OBJECT_CONVERSION = YES_AGGRESSIVE;
				CLANG_CXX_LANGUAGE_STANDARD = "gnu++14";
				CLANG_CXX_LIBRARY = "libc++";
				CLANG_ENABLE_MODULES = YES;
				CLANG_ENABLE_OBJC_ARC = YES;
				CLANG_ENABLE_OBJC_WEAK = YES;
				CLANG_WARN_BLOCK_CAPTURE_AUTORELEASING = YES;
				CLANG_WARN_BOOL_CONVERSION = YES;
				CLANG_WARN_COMMA = YES;
				CLANG_WARN_CONSTANT_CONVERSION = YES;
				CLANG_WARN_DEPRECATED_OBJC_IMPLEMENTATIONS = YES;
				CLANG_WARN_DIRECT_OBJC_ISA_USAGE = YES_ERROR;
				CLANG_WARN_DOCUMENTATION_COMMENTS = YES;
				CLANG_WARN_EMPTY_BODY = YES;
				CLANG_WARN_ENUM_CONVERSION = YES;
				CLANG_WARN_INFINITE_RECURSION = YES;
				CLANG_WARN_INT_CONVERSION = YES;
				CLANG_WARN_NON_LITERAL_NULL_CONVERSION = YES;
				CLANG_WARN_OBJC_IMPLICIT_RETAIN_SELF = YES;
				CLANG_WARN_OBJC_LITERAL_CONVERSION = YES;
				CLANG_WARN_OBJC_ROOT_CLASS = YES_ERROR;
				CLANG_WARN_QUOTED_INCLUDE_IN_FRAMEWORK_HEADER = YES;
				CLANG_WARN_RANGE_LOOP_ANALYSIS = YES;
				CLANG_WARN_STRICT_PROTOTYPES = YES;
				CLANG_WARN_SUSPICIOUS_MOVE = YES;
				CLANG_WARN_UNGUARDED_AVAILABILITY = YES_AGGRESSIVE;
				CLANG_WARN_UNREACHABLE_CODE = YES;
				CLANG_WARN__DUPLICATE_METHOD_MATCH = YES;
				COPY_PHASE_STRIP = NO;
				DEBUG_INFORMATION_FORMAT = dwarf;
				ENABLE_STRICT_OBJC_MSGSEND = YES;
				ENABLE_TESTABILITY = YES;
				GCC_C_LANGUAGE_STANDARD = gnu11;
				GCC_DYNAMIC_NO_PIC = NO;
				GCC_NO_COMMON_BLOCKS = YES;
				GCC_OPTIMIZATION_LEVEL = 0;
				GCC_PREPROCESSOR_DEFINITIONS = (
					"DEBUG=1",
					"$(inherited)",
				);
				GCC_WARN_64_TO_32_BIT_CONVERSION = YES;
				GCC_WARN_ABOUT_RETURN_TYPE = YES_ERROR;
				GCC_WARN_UNDECLARED_SELECTOR = YES;
				GCC_WARN_UNINITIALIZED_AUTOS = YES_AGGRESSIVE;
				GCC_WARN_UNUSED_FUNCTION = YES;
				GCC_WARN_UNUSED_VARIABLE = YES;
				IPHONEOS_DEPLOYMENT_TARGET = 14.0;
				MTL_ENABLE_DEBUG_INFO = INCLUDE_SOURCE;
				MTL_FAST_MATH = YES;
				ONLY_ACTIVE_ARCH = YES;
				SDKROOT = iphoneos;
				SWIFT_ACTIVE_COMPILATION_CONDITIONS = DEBUG;
				SWIFT_OPTIMIZATION_LEVEL = "-Onone";
			};
			name = Debug;
		};
		CA4DC6C624E093C0006C4B08 /* Release */ = {
			isa = XCBuildConfiguration;
			buildSettings = {
				ALWAYS_SEARCH_USER_PATHS = NO;
				CLANG_ANALYZER_NONNULL = YES;
				CLANG_ANALYZER_NUMBER_OBJECT_CONVERSION = YES_AGGRESSIVE;
				CLANG_CXX_LANGUAGE_STANDARD = "gnu++14";
				CLANG_CXX_LIBRARY = "libc++";
				CLANG_ENABLE_MODULES = YES;
				CLANG_ENABLE_OBJC_ARC = YES;
				CLANG_ENABLE_OBJC_WEAK = YES;
				CLANG_WARN_BLOCK_CAPTURE_AUTORELEASING = YES;
				CLANG_WARN_BOOL_CONVERSION = YES;
				CLANG_WARN_COMMA = YES;
				CLANG_WARN_CONSTANT_CONVERSION = YES;
				CLANG_WARN_DEPRECATED_OBJC_IMPLEMENTATIONS = YES;
				CLANG_WARN_DIRECT_OBJC_ISA_USAGE = YES_ERROR;
				CLANG_WARN_DOCUMENTATION_COMMENTS = YES;
				CLANG_WARN_EMPTY_BODY = YES;
				CLANG_WARN_ENUM_CONVERSION = YES;
				CLANG_WARN_INFINITE_RECURSION = YES;
				CLANG_WARN_INT_CONVERSION = YES;
				CLANG_WARN_NON_LITERAL_NULL_CONVERSION = YES;
				CLANG_WARN_OBJC_IMPLICIT_RETAIN_SELF = YES;
				CLANG_WARN_OBJC_LITERAL_CONVERSION = YES;
				CLANG_WARN_OBJC_ROOT_CLASS = YES_ERROR;
				CLANG_WARN_QUOTED_INCLUDE_IN_FRAMEWORK_HEADER = YES;
				CLANG_WARN_RANGE_LOOP_ANALYSIS = YES;
				CLANG_WARN_STRICT_PROTOTYPES = YES;
				CLANG_WARN_SUSPICIOUS_MOVE = YES;
				CLANG_WARN_UNGUARDED_AVAILABILITY = YES_AGGRESSIVE;
				CLANG_WARN_UNREACHABLE_CODE = YES;
				CLANG_WARN__DUPLICATE_METHOD_MATCH = YES;
				COPY_PHASE_STRIP = NO;
				DEBUG_INFORMATION_FORMAT = "dwarf-with-dsym";
				ENABLE_NS_ASSERTIONS = NO;
				ENABLE_STRICT_OBJC_MSGSEND = YES;
				GCC_C_LANGUAGE_STANDARD = gnu11;
				GCC_NO_COMMON_BLOCKS = YES;
				GCC_WARN_64_TO_32_BIT_CONVERSION = YES;
				GCC_WARN_ABOUT_RETURN_TYPE = YES_ERROR;
				GCC_WARN_UNDECLARED_SELECTOR = YES;
				GCC_WARN_UNINITIALIZED_AUTOS = YES_AGGRESSIVE;
				GCC_WARN_UNUSED_FUNCTION = YES;
				GCC_WARN_UNUSED_VARIABLE = YES;
				IPHONEOS_DEPLOYMENT_TARGET = 14.0;
				MTL_ENABLE_DEBUG_INFO = NO;
				MTL_FAST_MATH = YES;
				SDKROOT = iphoneos;
				SWIFT_COMPILATION_MODE = wholemodule;
				SWIFT_OPTIMIZATION_LEVEL = "-O";
				VALIDATE_PRODUCT = YES;
			};
			name = Release;
		};
		CA4DC6C824E093C0006C4B08 /* Debug */ = {
			isa = XCBuildConfiguration;
			buildSettings = {
				ASSETCATALOG_COMPILER_APPICON_NAME = AppIcon;
				CODE_SIGN_STYLE = Automatic;
				DEVELOPMENT_ASSET_PATHS = "\"EmojiArt/Preview Content\"";
				ENABLE_PREVIEWS = YES;
				INFOPLIST_FILE = EmojiArt/Info.plist;
				LD_RUNPATH_SEARCH_PATHS = (
					"$(inherited)",
					"@executable_path/Frameworks",
				);
				PRODUCT_BUNDLE_IDENTIFIER = com.theswiftkid.EmojiArt;
				PRODUCT_NAME = "$(TARGET_NAME)";
				SWIFT_VERSION = 5.0;
				TARGETED_DEVICE_FAMILY = "1,2";
			};
			name = Debug;
		};
		CA4DC6C924E093C0006C4B08 /* Release */ = {
			isa = XCBuildConfiguration;
			buildSettings = {
				ASSETCATALOG_COMPILER_APPICON_NAME = AppIcon;
				CODE_SIGN_STYLE = Automatic;
				DEVELOPMENT_ASSET_PATHS = "\"EmojiArt/Preview Content\"";
				ENABLE_PREVIEWS = YES;
				INFOPLIST_FILE = EmojiArt/Info.plist;
				LD_RUNPATH_SEARCH_PATHS = (
					"$(inherited)",
					"@executable_path/Frameworks",
				);
				PRODUCT_BUNDLE_IDENTIFIER = com.theswiftkid.EmojiArt;
				PRODUCT_NAME = "$(TARGET_NAME)";
				SWIFT_VERSION = 5.0;
				TARGETED_DEVICE_FAMILY = "1,2";
			};
			name = Release;
		};
/* End XCBuildConfiguration section */

/* Begin XCConfigurationList section */
		CA4DC6AE24E093BF006C4B08 /* Build configuration list for PBXProject "EmojiArt" */ = {
			isa = XCConfigurationList;
			buildConfigurations = (
				CA4DC6C524E093C0006C4B08 /* Debug */,
				CA4DC6C624E093C0006C4B08 /* Release */,
			);
			defaultConfigurationIsVisible = 0;
			defaultConfigurationName = Release;
		};
		CA4DC6C724E093C0006C4B08 /* Build configuration list for PBXNativeTarget "EmojiArt" */ = {
			isa = XCConfigurationList;
			buildConfigurations = (
				CA4DC6C824E093C0006C4B08 /* Debug */,
				CA4DC6C924E093C0006C4B08 /* Release */,
			);
			defaultConfigurationIsVisible = 0;
			defaultConfigurationName = Release;
		};
/* End XCConfigurationList section */
	};
	rootObject = CA4DC6AB24E093BF006C4B08 /* Project object */;
}
